
Microsoft Visual Studio Solution File, Format Version 12.00
# Visual Studio 14
VisualStudioVersion = 14.0.24720.0
MinimumVisualStudioVersion = 10.0.40219.1
Project("{FAE04EC0-301F-11D3-BF4B-00C04F79EFBC}") = "openhabUWP.UI.App", "openhabUWP.UI\openhabUWP.UI.App.csproj", "{CB6FBFDF-8EFD-4020-9997-C9112627C036}"
	ProjectSection(ProjectDependencies) = postProject
		{D3EFA406-DEE1-4261-9F7C-00E5B4138E9E} = {D3EFA406-DEE1-4261-9F7C-00E5B4138E9E}
	EndProjectSection
EndProject
Project("{FAE04EC0-301F-11D3-BF4B-00C04F79EFBC}") = "openhabUWP.PCL", "openhabUWP.PCL\openhabUWP.PCL.csproj", "{D3EFA406-DEE1-4261-9F7C-00E5B4138E9E}"
EndProject
Global
	GlobalSection(SolutionConfigurationPlatforms) = preSolution
		Debug|ARM = Debug|ARM
		Debug|x64 = Debug|x64
		Debug|x86 = Debug|x86
		Release|ARM = Release|ARM
		Release|x64 = Release|x64
		Release|x86 = Release|x86
	EndGlobalSection
	GlobalSection(ProjectConfigurationPlatforms) = postSolution
		{CB6FBFDF-8EFD-4020-9997-C9112627C036}.Debug|ARM.ActiveCfg = Debug|ARM
		{CB6FBFDF-8EFD-4020-9997-C9112627C036}.Debug|ARM.Build.0 = Debug|ARM
		{CB6FBFDF-8EFD-4020-9997-C9112627C036}.Debug|ARM.Deploy.0 = Debug|ARM
		{CB6FBFDF-8EFD-4020-9997-C9112627C036}.Debug|x64.ActiveCfg = Debug|x64
		{CB6FBFDF-8EFD-4020-9997-C9112627C036}.Debug|x64.Build.0 = Debug|x64
		{CB6FBFDF-8EFD-4020-9997-C9112627C036}.Debug|x64.Deploy.0 = Debug|x64
		{CB6FBFDF-8EFD-4020-9997-C9112627C036}.Debug|x86.ActiveCfg = Debug|x86
		{CB6FBFDF-8EFD-4020-9997-C9112627C036}.Debug|x86.Build.0 = Debug|x86
		{CB6FBFDF-8EFD-4020-9997-C9112627C036}.Debug|x86.Deploy.0 = Debug|x86
		{CB6FBFDF-8EFD-4020-9997-C9112627C036}.Release|ARM.ActiveCfg = Release|ARM
		{CB6FBFDF-8EFD-4020-9997-C9112627C036}.Release|ARM.Build.0 = Release|ARM
		{CB6FBFDF-8EFD-4020-9997-C9112627C036}.Release|ARM.Deploy.0 = Release|ARM
		{CB6FBFDF-8EFD-4020-9997-C9112627C036}.Release|x64.ActiveCfg = Release|x64
		{CB6FBFDF-8EFD-4020-9997-C9112627C036}.Release|x64.Build.0 = Release|x64
		{CB6FBFDF-8EFD-4020-9997-C9112627C036}.Release|x64.Deploy.0 = Release|x64
		{CB6FBFDF-8EFD-4020-9997-C9112627C036}.Release|x86.ActiveCfg = Release|x86
		{CB6FBFDF-8EFD-4020-9997-C9112627C036}.Release|x86.Build.0 = Release|x86
		{CB6FBFDF-8EFD-4020-9997-C9112627C036}.Release|x86.Deploy.0 = Release|x86
		{D3EFA406-DEE1-4261-9F7C-00E5B4138E9E}.Debug|ARM.ActiveCfg = Debug|ARM
		{D3EFA406-DEE1-4261-9F7C-00E5B4138E9E}.Debug|ARM.Build.0 = Debug|ARM
		{D3EFA406-DEE1-4261-9F7C-00E5B4138E9E}.Debug|x64.ActiveCfg = Debug|x64
		{D3EFA406-DEE1-4261-9F7C-00E5B4138E9E}.Debug|x64.Build.0 = Debug|x64
		{D3EFA406-DEE1-4261-9F7C-00E5B4138E9E}.Debug|x86.ActiveCfg = Debug|x86
		{D3EFA406-DEE1-4261-9F7C-00E5B4138E9E}.Debug|x86.Build.0 = Debug|x86
		{D3EFA406-DEE1-4261-9F7C-00E5B4138E9E}.Release|ARM.ActiveCfg = Release|ARM
		{D3EFA406-DEE1-4261-9F7C-00E5B4138E9E}.Release|ARM.Build.0 = Release|ARM
		{D3EFA406-DEE1-4261-9F7C-00E5B4138E9E}.Release|x64.ActiveCfg = Release|x64
		{D3EFA406-DEE1-4261-9F7C-00E5B4138E9E}.Release|x64.Build.0 = Release|x64
		{D3EFA406-DEE1-4261-9F7C-00E5B4138E9E}.Release|x86.ActiveCfg = Release|x86
		{D3EFA406-DEE1-4261-9F7C-00E5B4138E9E}.Release|x86.Build.0 = Release|x86
	EndGlobalSection
	GlobalSection(SolutionProperties) = preSolution
		HideSolutionNode = FALSE
	EndGlobalSection
EndGlobal
